
Microsoft Visual Studio Solution File, Format Version 12.00
# Visual Studio 15
VisualStudioVersion = 15.0.27130.2003
MinimumVisualStudioVersion = 10.0.40219.1
Project("{FAE04EC0-301F-11D3-BF4B-00C04F79EFBC}") = "ContentTypesAndFields", "ContentTypesAndFields\ContentTypesAndFields.csproj", "{71510D52-8736-4D83-93A5-92358874D75A}"
EndProject
Project("{FAE04EC0-301F-11D3-BF4B-00C04F79EFBC}") = "Common", "Common\Common.csproj", "{4719CB68-A428-486C-B0D7-AFF02F584AC7}"
EndProject
Project("{FAE04EC0-301F-11D3-BF4B-00C04F79EFBC}") = "PNPProvisining", "PNPProvisining\PNPProvisining.csproj", "{6DB4F499-1A4C-4D54-B0CE-8FA53CE4B2E7}"
EndProject
Project("{FAE04EC0-301F-11D3-BF4B-00C04F79EFBC}") = "LookupsandtaxanomyFields", "..\LookupsandtaxanomyFields\LookupsandtaxanomyFields\LookupsandtaxanomyFields.csproj", "{3268EF65-4D34-451C-AF6D-522A6CEE7F13}"
EndProject
Project("{FAE04EC0-301F-11D3-BF4B-00C04F79EFBC}") = "CamlFun", "CamlFun\CamlFun.csproj", "{6404B116-8DE5-4959-86CC-5C37812EB571}"
EndProject
Global
	GlobalSection(SolutionConfigurationPlatforms) = preSolution
		Debug|Any CPU = Debug|Any CPU
		Release|Any CPU = Release|Any CPU
	EndGlobalSection
	GlobalSection(ProjectConfigurationPlatforms) = postSolution
		{71510D52-8736-4D83-93A5-92358874D75A}.Debug|Any CPU.ActiveCfg = Debug|Any CPU
		{71510D52-8736-4D83-93A5-92358874D75A}.Debug|Any CPU.Build.0 = Debug|Any CPU
		{71510D52-8736-4D83-93A5-92358874D75A}.Release|Any CPU.ActiveCfg = Release|Any CPU
		{71510D52-8736-4D83-93A5-92358874D75A}.Release|Any CPU.Build.0 = Release|Any CPU
		{4719CB68-A428-486C-B0D7-AFF02F584AC7}.Debug|Any CPU.ActiveCfg = Debug|Any CPU
		{4719CB68-A428-486C-B0D7-AFF02F584AC7}.Debug|Any CPU.Build.0 = Debug|Any CPU
		{4719CB68-A428-486C-B0D7-AFF02F584AC7}.Release|Any CPU.ActiveCfg = Release|Any CPU
		{4719CB68-A428-486C-B0D7-AFF02F584AC7}.Release|Any CPU.Build.0 = Release|Any CPU
		{6DB4F499-1A4C-4D54-B0CE-8FA53CE4B2E7}.Debug|Any CPU.ActiveCfg = Debug|Any CPU
		{6DB4F499-1A4C-4D54-B0CE-8FA53CE4B2E7}.Debug|Any CPU.Build.0 = Debug|Any CPU
		{6DB4F499-1A4C-4D54-B0CE-8FA53CE4B2E7}.Release|Any CPU.ActiveCfg = Release|Any CPU
		{6DB4F499-1A4C-4D54-B0CE-8FA53CE4B2E7}.Release|Any CPU.Build.0 = Release|Any CPU
		{3268EF65-4D34-451C-AF6D-522A6CEE7F13}.Debug|Any CPU.ActiveCfg = Debug|Any CPU
		{3268EF65-4D34-451C-AF6D-522A6CEE7F13}.Debug|Any CPU.Build.0 = Debug|Any CPU
		{3268EF65-4D34-451C-AF6D-522A6CEE7F13}.Release|Any CPU.ActiveCfg = Release|Any CPU
		{3268EF65-4D34-451C-AF6D-522A6CEE7F13}.Release|Any CPU.Build.0 = Release|Any CPU
		{6404B116-8DE5-4959-86CC-5C37812EB571}.Debug|Any CPU.ActiveCfg = Debug|Any CPU
		{6404B116-8DE5-4959-86CC-5C37812EB571}.Debug|Any CPU.Build.0 = Debug|Any CPU
		{6404B116-8DE5-4959-86CC-5C37812EB571}.Release|Any CPU.ActiveCfg = Release|Any CPU
		{6404B116-8DE5-4959-86CC-5C37812EB571}.Release|Any CPU.Build.0 = Release|Any CPU
	EndGlobalSection
	GlobalSection(SolutionProperties) = preSolution
		HideSolutionNode = FALSE
	EndGlobalSection
	GlobalSection(ExtensibilityGlobals) = postSolution
		SolutionGuid = {596AE179-3CA3-41D4-89C6-523A533928FE}
	EndGlobalSection
EndGlobal
